
Microsoft Visual Studio Solution File, Format Version 12.00
# Visual Studio Version 17
VisualStudioVersion = 17.2.32616.157
MinimumVisualStudioVersion = 10.0.40219.1
Project("{FAE04EC0-301F-11D3-BF4B-00C04F79EFBC}") = "PasswordValidator_ClassLib", "PasswordValidator_ClassLib\PasswordValidator_ClassLib.csproj", "{68AFAD57-0FD8-4CA5-9437-45DD9B9350AE}"
EndProject
Global
	GlobalSection(SolutionConfigurationPlatforms) = preSolution
		Debug|Any CPU = Debug|Any CPU
		Release|Any CPU = Release|Any CPU
	EndGlobalSection
	GlobalSection(ProjectConfigurationPlatforms) = postSolution
		{68AFAD57-0FD8-4CA5-9437-45DD9B9350AE}.Debug|Any CPU.ActiveCfg = Debug|Any CPU
		{68AFAD57-0FD8-4CA5-9437-45DD9B9350AE}.Debug|Any CPU.Build.0 = Debug|Any CPU
		{68AFAD57-0FD8-4CA5-9437-45DD9B9350AE}.Release|Any CPU.ActiveCfg = Release|Any CPU
		{68AFAD57-0FD8-4CA5-9437-45DD9B9350AE}.Release|Any CPU.Build.0 = Release|Any CPU
	EndGlobalSection
	GlobalSection(SolutionProperties) = preSolution
		HideSolutionNode = FALSE
	EndGlobalSection
	GlobalSection(ExtensibilityGlobals) = postSolution
		SolutionGuid = {C73CA744-CE20-4411-BE0E-BF19D481F31F}
	EndGlobalSection
EndGlobal
